
Microsoft Visual Studio Solution File, Format Version 12.00
# Visual Studio 15
VisualStudioVersion = 15.0.35026.233
MinimumVisualStudioVersion = 10.0.40219.1
Project("{FAE04EC0-301F-11D3-BF4B-00C04F79EFBC}") = "ExampleDesktop", "ExampleDesktop\ExampleDesktop.csproj", "{23DD3E89-A73F-4C14-83E8-F07A2CB0F394}"
EndProject
Project("{930C7802-8A8C-48F9-8165-68863BCCD9DD}") = "WixExample", "WixExample\WixExample.wixproj", "{15EE4BF8-D1E4-4351-B545-A2D4EC53B3A4}"
EndProject
Project("{C7167F0D-BC9F-4E6E-AFE1-012C56B48DB5}") = "WinUniversalPackage", "WinUniversalPackage\WinUniversalPackage.wapproj", "{DEE97087-BFE3-4757-9DC8-8D5E3F1040FC}"
EndProject
Global
	GlobalSection(SolutionConfigurationPlatforms) = preSolution
		Debug|Any CPU = Debug|Any CPU
		Debug|x64 = Debug|x64
		Debug|x86 = Debug|x86
		Release|Any CPU = Release|Any CPU
		Release|x64 = Release|x64
		Release|x86 = Release|x86
	EndGlobalSection
	GlobalSection(ProjectConfigurationPlatforms) = postSolution
		{23DD3E89-A73F-4C14-83E8-F07A2CB0F394}.Debug|Any CPU.ActiveCfg = Debug|Any CPU
		{23DD3E89-A73F-4C14-83E8-F07A2CB0F394}.Debug|Any CPU.Build.0 = Debug|Any CPU
		{23DD3E89-A73F-4C14-83E8-F07A2CB0F394}.Debug|x64.ActiveCfg = Debug|Any CPU
		{23DD3E89-A73F-4C14-83E8-F07A2CB0F394}.Debug|x64.Build.0 = Debug|Any CPU
		{23DD3E89-A73F-4C14-83E8-F07A2CB0F394}.Debug|x86.ActiveCfg = Debug|Any CPU
		{23DD3E89-A73F-4C14-83E8-F07A2CB0F394}.Debug|x86.Build.0 = Debug|Any CPU
		{23DD3E89-A73F-4C14-83E8-F07A2CB0F394}.Release|Any CPU.ActiveCfg = Release|Any CPU
		{23DD3E89-A73F-4C14-83E8-F07A2CB0F394}.Release|Any CPU.Build.0 = Release|Any CPU
		{23DD3E89-A73F-4C14-83E8-F07A2CB0F394}.Release|x64.ActiveCfg = Release|Any CPU
		{23DD3E89-A73F-4C14-83E8-F07A2CB0F394}.Release|x64.Build.0 = Release|Any CPU
		{23DD3E89-A73F-4C14-83E8-F07A2CB0F394}.Release|x86.ActiveCfg = Release|Any CPU
		{23DD3E89-A73F-4C14-83E8-F07A2CB0F394}.Release|x86.Build.0 = Release|Any CPU
		{15EE4BF8-D1E4-4351-B545-A2D4EC53B3A4}.Debug|Any CPU.ActiveCfg = Debug|x86
		{15EE4BF8-D1E4-4351-B545-A2D4EC53B3A4}.Debug|x64.ActiveCfg = Debug|x86
		{15EE4BF8-D1E4-4351-B545-A2D4EC53B3A4}.Debug|x86.ActiveCfg = Debug|x86
		{15EE4BF8-D1E4-4351-B545-A2D4EC53B3A4}.Debug|x86.Build.0 = Debug|x86
		{15EE4BF8-D1E4-4351-B545-A2D4EC53B3A4}.Release|Any CPU.ActiveCfg = Release|x86
		{15EE4BF8-D1E4-4351-B545-A2D4EC53B3A4}.Release|x64.ActiveCfg = Release|x86
		{15EE4BF8-D1E4-4351-B545-A2D4EC53B3A4}.Release|x86.ActiveCfg = Release|x86
		{15EE4BF8-D1E4-4351-B545-A2D4EC53B3A4}.Release|x86.Build.0 = Release|x86
		{DEE97087-BFE3-4757-9DC8-8D5E3F1040FC}.Debug|Any CPU.ActiveCfg = Debug|Any CPU
		{DEE97087-BFE3-4757-9DC8-8D5E3F1040FC}.Debug|Any CPU.Build.0 = Debug|Any CPU
		{DEE97087-BFE3-4757-9DC8-8D5E3F1040FC}.Debug|Any CPU.Deploy.0 = Debug|Any CPU
		{DEE97087-BFE3-4757-9DC8-8D5E3F1040FC}.Debug|x64.ActiveCfg = Debug|x64
		{DEE97087-BFE3-4757-9DC8-8D5E3F1040FC}.Debug|x64.Build.0 = Debug|x64
		{DEE97087-BFE3-4757-9DC8-8D5E3F1040FC}.Debug|x64.Deploy.0 = Debug|x64
		{DEE97087-BFE3-4757-9DC8-8D5E3F1040FC}.Debug|x86.ActiveCfg = Debug|x86
		{DEE97087-BFE3-4757-9DC8-8D5E3F1040FC}.Debug|x86.Build.0 = Debug|x86
		{DEE97087-BFE3-4757-9DC8-8D5E3F1040FC}.Debug|x86.Deploy.0 = Debug|x86
		{DEE97087-BFE3-4757-9DC8-8D5E3F1040FC}.Release|Any CPU.ActiveCfg = Release|Any CPU
		{DEE97087-BFE3-4757-9DC8-8D5E3F1040FC}.Release|Any CPU.Build.0 = Release|Any CPU
		{DEE97087-BFE3-4757-9DC8-8D5E3F1040FC}.Release|Any CPU.Deploy.0 = Release|Any CPU
		{DEE97087-BFE3-4757-9DC8-8D5E3F1040FC}.Release|x64.ActiveCfg = Release|x64
		{DEE97087-BFE3-4757-9DC8-8D5E3F1040FC}.Release|x64.Build.0 = Release|x64
		{DEE97087-BFE3-4757-9DC8-8D5E3F1040FC}.Release|x64.Deploy.0 = Release|x64
		{DEE97087-BFE3-4757-9DC8-8D5E3F1040FC}.Release|x86.ActiveCfg = Release|x86
		{DEE97087-BFE3-4757-9DC8-8D5E3F1040FC}.Release|x86.Build.0 = Release|x86
		{DEE97087-BFE3-4757-9DC8-8D5E3F1040FC}.Release|x86.Deploy.0 = Release|x86
	EndGlobalSection
	GlobalSection(SolutionProperties) = preSolution
		HideSolutionNode = FALSE
	EndGlobalSection
	GlobalSection(ExtensibilityGlobals) = postSolution
		SolutionGuid = {1657A9DB-F1CA-4B43-824F-D021882DFD21}
	EndGlobalSection
EndGlobal
